
Microsoft Visual Studio Solution File, Format Version 12.00
# Visual Studio Version 17
VisualStudioVersion = 17.3.32825.248
MinimumVisualStudioVersion = 10.0.40219.1
Project("{FAE04EC0-301F-11D3-BF4B-00C04F79EFBC}") = "MysteryN", "MysteryN.csproj", "{D8FC6AF0-54D7-439A-B333-F8AA3C2FE9EC}"
EndProject
Global
	GlobalSection(SolutionConfigurationPlatforms) = preSolution
		Debug|Any CPU = Debug|Any CPU
		Release|Any CPU = Release|Any CPU
	EndGlobalSection
	GlobalSection(ProjectConfigurationPlatforms) = postSolution
		{D8FC6AF0-54D7-439A-B333-F8AA3C2FE9EC}.Debug|Any CPU.ActiveCfg = Debug|Any CPU
		{D8FC6AF0-54D7-439A-B333-F8AA3C2FE9EC}.Debug|Any CPU.Build.0 = Debug|Any CPU
		{D8FC6AF0-54D7-439A-B333-F8AA3C2FE9EC}.Release|Any CPU.ActiveCfg = Release|Any CPU
		{D8FC6AF0-54D7-439A-B333-F8AA3C2FE9EC}.Release|Any CPU.Build.0 = Release|Any CPU
	EndGlobalSection
	GlobalSection(SolutionProperties) = preSolution
		HideSolutionNode = FALSE
	EndGlobalSection
	GlobalSection(ExtensibilityGlobals) = postSolution
		SolutionGuid = {060C5F93-D876-447E-A691-2A364BB2030D}
	EndGlobalSection
EndGlobal
